
Microsoft Visual Studio Solution File, Format Version 12.00
# Visual Studio 14
VisualStudioVersion = 14.0.23107.0
MinimumVisualStudioVersion = 10.0.40219.1
Project("{262852C6-CD72-467D-83FE-5EEB1973A190}") = "AzureNotificationHubsDemo", "AzureNotificationHubsDemo\AzureNotificationHubsDemo.jsproj", "{BB8AA79B-FF24-457B-91B6-F157B65C361F}"
EndProject
Project("{FAE04EC0-301F-11D3-BF4B-00C04F79EFBC}") = "AzureNotificationHubsDemoSender", "AzureNotificationHubsDemoSender\AzureNotificationHubsDemoSender.csproj", "{D3C7042D-D8AD-4B27-926B-316290B9E598}"
EndProject
Global
	GlobalSection(SolutionConfigurationPlatforms) = preSolution
		Debug|Android = Debug|Android
		Debug|Any CPU = Debug|Any CPU
		Debug|iOS = Debug|iOS
		Debug|Windows Phone (Universal) = Debug|Windows Phone (Universal)
		Debug|Windows Phone 8 = Debug|Windows Phone 8
		Debug|Windows-AnyCPU = Debug|Windows-AnyCPU
		Debug|Windows-ARM = Debug|Windows-ARM
		Debug|Windows-x64 = Debug|Windows-x64
		Debug|Windows-x86 = Debug|Windows-x86
		Release|Android = Release|Android
		Release|Any CPU = Release|Any CPU
		Release|iOS = Release|iOS
		Release|Windows Phone (Universal) = Release|Windows Phone (Universal)
		Release|Windows Phone 8 = Release|Windows Phone 8
		Release|Windows-AnyCPU = Release|Windows-AnyCPU
		Release|Windows-ARM = Release|Windows-ARM
		Release|Windows-x64 = Release|Windows-x64
		Release|Windows-x86 = Release|Windows-x86
	EndGlobalSection
	GlobalSection(ProjectConfigurationPlatforms) = postSolution
		{BB8AA79B-FF24-457B-91B6-F157B65C361F}.Debug|Android.ActiveCfg = Debug|Android
		{BB8AA79B-FF24-457B-91B6-F157B65C361F}.Debug|Android.Build.0 = Debug|Android
		{BB8AA79B-FF24-457B-91B6-F157B65C361F}.Debug|Android.Deploy.0 = Debug|Android
		{BB8AA79B-FF24-457B-91B6-F157B65C361F}.Debug|Any CPU.ActiveCfg = Debug|Android
		{BB8AA79B-FF24-457B-91B6-F157B65C361F}.Debug|iOS.ActiveCfg = Debug|iOS
		{BB8AA79B-FF24-457B-91B6-F157B65C361F}.Debug|iOS.Build.0 = Debug|iOS
		{BB8AA79B-FF24-457B-91B6-F157B65C361F}.Debug|iOS.Deploy.0 = Debug|iOS
		{BB8AA79B-FF24-457B-91B6-F157B65C361F}.Debug|Windows Phone (Universal).ActiveCfg = Debug|Windows Phone (Universal)
		{BB8AA79B-FF24-457B-91B6-F157B65C361F}.Debug|Windows Phone (Universal).Build.0 = Debug|Windows Phone (Universal)
		{BB8AA79B-FF24-457B-91B6-F157B65C361F}.Debug|Windows Phone (Universal).Deploy.0 = Debug|Windows Phone (Universal)
		{BB8AA79B-FF24-457B-91B6-F157B65C361F}.Debug|Windows Phone 8.ActiveCfg = Debug|Windows Phone 8
		{BB8AA79B-FF24-457B-91B6-F157B65C361F}.Debug|Windows Phone 8.Build.0 = Debug|Windows Phone 8
		{BB8AA79B-FF24-457B-91B6-F157B65C361F}.Debug|Windows Phone 8.Deploy.0 = Debug|Windows Phone 8
		{BB8AA79B-FF24-457B-91B6-F157B65C361F}.Debug|Windows-AnyCPU.ActiveCfg = Debug|Windows-AnyCPU
		{BB8AA79B-FF24-457B-91B6-F157B65C361F}.Debug|Windows-AnyCPU.Build.0 = Debug|Windows-AnyCPU
		{BB8AA79B-FF24-457B-91B6-F157B65C361F}.Debug|Windows-AnyCPU.Deploy.0 = Debug|Windows-AnyCPU
		{BB8AA79B-FF24-457B-91B6-F157B65C361F}.Debug|Windows-ARM.ActiveCfg = Debug|Windows-ARM
		{BB8AA79B-FF24-457B-91B6-F157B65C361F}.Debug|Windows-ARM.Build.0 = Debug|Windows-ARM
		{BB8AA79B-FF24-457B-91B6-F157B65C361F}.Debug|Windows-ARM.Deploy.0 = Debug|Windows-ARM
		{BB8AA79B-FF24-457B-91B6-F157B65C361F}.Debug|Windows-x64.ActiveCfg = Debug|Windows-x64
		{BB8AA79B-FF24-457B-91B6-F157B65C361F}.Debug|Windows-x64.Build.0 = Debug|Windows-x64
		{BB8AA79B-FF24-457B-91B6-F157B65C361F}.Debug|Windows-x64.Deploy.0 = Debug|Windows-x64
		{BB8AA79B-FF24-457B-91B6-F157B65C361F}.Debug|Windows-x86.ActiveCfg = Debug|Windows-x86
		{BB8AA79B-FF24-457B-91B6-F157B65C361F}.Debug|Windows-x86.Build.0 = Debug|Windows-x86
		{BB8AA79B-FF24-457B-91B6-F157B65C361F}.Debug|Windows-x86.Deploy.0 = Debug|Windows-x86
		{BB8AA79B-FF24-457B-91B6-F157B65C361F}.Release|Android.ActiveCfg = Release|Android
		{BB8AA79B-FF24-457B-91B6-F157B65C361F}.Release|Android.Build.0 = Release|Android
		{BB8AA79B-FF24-457B-91B6-F157B65C361F}.Release|Android.Deploy.0 = Release|Android
		{BB8AA79B-FF24-457B-91B6-F157B65C361F}.Release|Any CPU.ActiveCfg = Release|Android
		{BB8AA79B-FF24-457B-91B6-F157B65C361F}.Release|iOS.ActiveCfg = Release|iOS
		{BB8AA79B-FF24-457B-91B6-F157B65C361F}.Release|iOS.Build.0 = Release|iOS
		{BB8AA79B-FF24-457B-91B6-F157B65C361F}.Release|iOS.Deploy.0 = Release|iOS
		{BB8AA79B-FF24-457B-91B6-F157B65C361F}.Release|Windows Phone (Universal).ActiveCfg = Release|Windows Phone (Universal)
		{BB8AA79B-FF24-457B-91B6-F157B65C361F}.Release|Windows Phone (Universal).Build.0 = Release|Windows Phone (Universal)
		{BB8AA79B-FF24-457B-91B6-F157B65C361F}.Release|Windows Phone (Universal).Deploy.0 = Release|Windows Phone (Universal)
		{BB8AA79B-FF24-457B-91B6-F157B65C361F}.Release|Windows Phone 8.ActiveCfg = Release|Windows Phone 8
		{BB8AA79B-FF24-457B-91B6-F157B65C361F}.Release|Windows Phone 8.Build.0 = Release|Windows Phone 8
		{BB8AA79B-FF24-457B-91B6-F157B65C361F}.Release|Windows Phone 8.Deploy.0 = Release|Windows Phone 8
		{BB8AA79B-FF24-457B-91B6-F157B65C361F}.Release|Windows-AnyCPU.ActiveCfg = Release|Windows-AnyCPU
		{BB8AA79B-FF24-457B-91B6-F157B65C361F}.Release|Windows-AnyCPU.Build.0 = Release|Windows-AnyCPU
		{BB8AA79B-FF24-457B-91B6-F157B65C361F}.Release|Windows-AnyCPU.Deploy.0 = Release|Windows-AnyCPU
		{BB8AA79B-FF24-457B-91B6-F157B65C361F}.Release|Windows-ARM.ActiveCfg = Release|Windows-ARM
		{BB8AA79B-FF24-457B-91B6-F157B65C361F}.Release|Windows-ARM.Build.0 = Release|Windows-ARM
		{BB8AA79B-FF24-457B-91B6-F157B65C361F}.Release|Windows-ARM.Deploy.0 = Release|Windows-ARM
		{BB8AA79B-FF24-457B-91B6-F157B65C361F}.Release|Windows-x64.ActiveCfg = Release|Windows-x64
		{BB8AA79B-FF24-457B-91B6-F157B65C361F}.Release|Windows-x64.Build.0 = Release|Windows-x64
		{BB8AA79B-FF24-457B-91B6-F157B65C361F}.Release|Windows-x64.Deploy.0 = Release|Windows-x64
		{BB8AA79B-FF24-457B-91B6-F157B65C361F}.Release|Windows-x86.ActiveCfg = Release|Windows-x86
		{BB8AA79B-FF24-457B-91B6-F157B65C361F}.Release|Windows-x86.Build.0 = Release|Windows-x86
		{BB8AA79B-FF24-457B-91B6-F157B65C361F}.Release|Windows-x86.Deploy.0 = Release|Windows-x86
		{D3C7042D-D8AD-4B27-926B-316290B9E598}.Debug|Android.ActiveCfg = Debug|Any CPU
		{D3C7042D-D8AD-4B27-926B-316290B9E598}.Debug|Android.Build.0 = Debug|Any CPU
		{D3C7042D-D8AD-4B27-926B-316290B9E598}.Debug|Any CPU.ActiveCfg = Debug|Any CPU
		{D3C7042D-D8AD-4B27-926B-316290B9E598}.Debug|Any CPU.Build.0 = Debug|Any CPU
		{D3C7042D-D8AD-4B27-926B-316290B9E598}.Debug|iOS.ActiveCfg = Debug|Any CPU
		{D3C7042D-D8AD-4B27-926B-316290B9E598}.Debug|iOS.Build.0 = Debug|Any CPU
		{D3C7042D-D8AD-4B27-926B-316290B9E598}.Debug|Windows Phone (Universal).ActiveCfg = Debug|Any CPU
		{D3C7042D-D8AD-4B27-926B-316290B9E598}.Debug|Windows Phone (Universal).Build.0 = Debug|Any CPU
		{D3C7042D-D8AD-4B27-926B-316290B9E598}.Debug|Windows Phone 8.ActiveCfg = Debug|Any CPU
		{D3C7042D-D8AD-4B27-926B-316290B9E598}.Debug|Windows Phone 8.Build.0 = Debug|Any CPU
		{D3C7042D-D8AD-4B27-926B-316290B9E598}.Debug|Windows-AnyCPU.ActiveCfg = Debug|Any CPU
		{D3C7042D-D8AD-4B27-926B-316290B9E598}.Debug|Windows-AnyCPU.Build.0 = Debug|Any CPU
		{D3C7042D-D8AD-4B27-926B-316290B9E598}.Debug|Windows-ARM.ActiveCfg = Debug|Any CPU
		{D3C7042D-D8AD-4B27-926B-316290B9E598}.Debug|Windows-ARM.Build.0 = Debug|Any CPU
		{D3C7042D-D8AD-4B27-926B-316290B9E598}.Debug|Windows-x64.ActiveCfg = Debug|Any CPU
		{D3C7042D-D8AD-4B27-926B-316290B9E598}.Debug|Windows-x64.Build.0 = Debug|Any CPU
		{D3C7042D-D8AD-4B27-926B-316290B9E598}.Debug|Windows-x86.ActiveCfg = Debug|Any CPU
		{D3C7042D-D8AD-4B27-926B-316290B9E598}.Debug|Windows-x86.Build.0 = Debug|Any CPU
		{D3C7042D-D8AD-4B27-926B-316290B9E598}.Release|Android.ActiveCfg = Release|Any CPU
		{D3C7042D-D8AD-4B27-926B-316290B9E598}.Release|Android.Build.0 = Release|Any CPU
		{D3C7042D-D8AD-4B27-926B-316290B9E598}.Release|Any CPU.ActiveCfg = Release|Any CPU
		{D3C7042D-D8AD-4B27-926B-316290B9E598}.Release|Any CPU.Build.0 = Release|Any CPU
		{D3C7042D-D8AD-4B27-926B-316290B9E598}.Release|iOS.ActiveCfg = Release|Any CPU
		{D3C7042D-D8AD-4B27-926B-316290B9E598}.Release|iOS.Build.0 = Release|Any CPU
		{D3C7042D-D8AD-4B27-926B-316290B9E598}.Release|Windows Phone (Universal).ActiveCfg = Release|Any CPU
		{D3C7042D-D8AD-4B27-926B-316290B9E598}.Release|Windows Phone (Universal).Build.0 = Release|Any CPU
		{D3C7042D-D8AD-4B27-926B-316290B9E598}.Release|Windows Phone 8.ActiveCfg = Release|Any CPU
		{D3C7042D-D8AD-4B27-926B-316290B9E598}.Release|Windows Phone 8.Build.0 = Release|Any CPU
		{D3C7042D-D8AD-4B27-926B-316290B9E598}.Release|Windows-AnyCPU.ActiveCfg = Release|Any CPU
		{D3C7042D-D8AD-4B27-926B-316290B9E598}.Release|Windows-AnyCPU.Build.0 = Release|Any CPU
		{D3C7042D-D8AD-4B27-926B-316290B9E598}.Release|Windows-ARM.ActiveCfg = Release|Any CPU
		{D3C7042D-D8AD-4B27-926B-316290B9E598}.Release|Windows-ARM.Build.0 = Release|Any CPU
		{D3C7042D-D8AD-4B27-926B-316290B9E598}.Release|Windows-x64.ActiveCfg = Release|Any CPU
		{D3C7042D-D8AD-4B27-926B-316290B9E598}.Release|Windows-x64.Build.0 = Release|Any CPU
		{D3C7042D-D8AD-4B27-926B-316290B9E598}.Release|Windows-x86.ActiveCfg = Release|Any CPU
		{D3C7042D-D8AD-4B27-926B-316290B9E598}.Release|Windows-x86.Build.0 = Release|Any CPU
	EndGlobalSection
	GlobalSection(SolutionProperties) = preSolution
		HideSolutionNode = FALSE
	EndGlobalSection
EndGlobal
